<?xml version="1.0" encoding="utf-8"?>
<Project ToolsVersion="4.0" xmlns="http://schemas.microsoft.com/developer/msbuild/2003">
  <ItemGroup>
    <Filter Include="Source Files">
      <UniqueIdentifier>{4FC737F1-C7A5-4376-A066-2A32D752A2FF}</UniqueIdentifier>
      <Extensions>cpp;c;cc;cxx;def;odl;idl;hpj;bat;asm;asmx</Extensions>
    </Filter>
    <Filter Include="Header Files">
      <UniqueIdentifier>{93995380-89BD-4b04-88EB-625FBE52EBFB}</UniqueIdentifier>
      <Extensions>h;hpp;hxx;hm;inl;inc;xsd</Extensions>
    </Filter>
    <Filter Include="Generated Files">
      <UniqueIdentifier>{760a5a9b-ef64-4909-88a0-82dfb691fae0}</UniqueIdentifier>
      <SourceControlFiles>False</SourceControlFiles>
    </Filter>
    <Filter Include="Generated Files\Resource Files">
      <UniqueIdentifier>{67DA6AB6-F800-4c08-8B7A-83BB121AAD01}</UniqueIdentifier>
      <Extensions>rc;ico;cur;bmp;dlg;rc2;rct;bin;rgs;gif;jpg;jpeg;jpe;resx;tiff;tif;png;wav</Extensions>
    </Filter>
  </ItemGroup>
  <ItemGroup>
    <ClCompile Include="CeXDib.cpp">
      <Filter>Source Files</Filter>
    </ClCompile>
    <ClCompile Include="CreateCheckboxImageList.cpp">
      <Filter>Source Files</Filter>
    </ClCompile>
    <ClCompile Include="Markup.cpp">
      <Filter>Source Files</Filter>
    </ClCompile>
    <ClCompile Include="PPDrawManager.cpp">
      <Filter>Source Files</Filter>
    </ClCompile>
    <ClCompile Include="PPHtmlDrawer.cpp">
      <Filter>Source Files</Filter>
    </ClCompile>
    <ClCompile Include="PPTooltip.cpp">
      <Filter>Source Files</Filter>
    </ClCompile>
    <ClCompile Include="stdafx.cpp">
      <Filter>Source Files</Filter>
    </ClCompile>
    <ClCompile Include="TangramCtrl.cpp">
      <Filter>Source Files</Filter>
    </ClCompile>
    <ClCompile Include="TangramHtmlTreeExWnd.cpp">
      <Filter>Source Files</Filter>
    </ClCompile>
    <ClCompile Include="TangramHtmlTreeWnd.cpp">
      <Filter>Source Files</Filter>
    </ClCompile>
    <ClCompile Include="TangramTreeNode.cpp">
      <Filter>Source Files</Filter>
    </ClCompile>
    <ClCompile Include="TangramTreeView.cpp">
      <Filter>Source Files</Filter>
    </ClCompile>
    <ClCompile Include="VisualStylesXP.cpp">
      <Filter>Source Files</Filter>
    </ClCompile>
    <ClCompile Include="XHtmlDraw.cpp">
      <Filter>Source Files</Filter>
    </ClCompile>
    <ClCompile Include="XHtmlDrawLink.cpp">
      <Filter>Source Files</Filter>
    </ClCompile>
    <ClCompile Include="XNamedColors.cpp">
      <Filter>Source Files</Filter>
    </ClCompile>
    <ClCompile Include="XString.cpp">
      <Filter>Source Files</Filter>
    </ClCompile>
    <ClCompile Include="Boot\Application.cpp">
      <Filter>Source Files</Filter>
    </ClCompile>
    <ClCompile Include="Boot\CLRRuntimeDelegate.cpp">
      <Filter>Source Files</Filter>
    </ClCompile>
    <ClCompile Include="Boot\JVMRuntimeDelegate.cpp">
      <Filter>Source Files</Filter>
    </ClCompile>
    <ClCompile Include="Boot\RuntimeDelegate.cpp">
      <Filter>Source Files</Filter>
    </ClCompile>
    <ClCompile Include="Boot\WebRuntimeDelegate.cpp">
      <Filter>Source Files</Filter>
    </ClCompile>
    <ClCompile Include="chromium\HtmlWnd.cpp">
      <Filter>Source Files</Filter>
    </ClCompile>
    <ClCompile Include="chromium\BrowserWnd.cpp">
      <Filter>Source Files</Filter>
    </ClCompile>
    <ClCompile Include="IPC\Broker.cpp">
      <Filter>Source Files</Filter>
    </ClCompile>
    <ClCompile Include="IPC\EndPoint.cpp">
      <Filter>Source Files</Filter>
    </ClCompile>
    <ClCompile Include="DocTemplateDlg.cpp">
      <Filter>Source Files</Filter>
    </ClCompile>
    <ClCompile Include="eclipse.cpp">
      <Filter>Source Files</Filter>
    </ClCompile>
    <ClCompile Include="eclipseCommon.cpp">
      <Filter>Source Files</Filter>
    </ClCompile>
    <ClCompile Include="eclipseConfig.cpp">
      <Filter>Source Files</Filter>
    </ClCompile>
    <ClCompile Include="eclipseJNI.cpp">
      <Filter>Source Files</Filter>
    </ClCompile>
    <ClCompile Include="EclipsePlus\EclipseAddin.cpp">
      <Filter>Source Files</Filter>
    </ClCompile>
    <ClCompile Include="eclipseShm.cpp">
      <Filter>Source Files</Filter>
    </ClCompile>
    <ClCompile Include="eclipseUtil.cpp">
      <Filter>Source Files</Filter>
    </ClCompile>
    <ClCompile Include="eclipseWin.cpp">
      <Filter>Source Files</Filter>
    </ClCompile>
    <ClCompile Include="eclipseWinCommon.cpp">
      <Filter>Source Files</Filter>
    </ClCompile>
    <ClCompile Include="Object\CoreFactoryDelegate.cpp">
      <Filter>Source Files</Filter>
    </ClCompile>
    <ClCompile Include="Object\ObjectFactory.cpp">
      <Filter>Source Files</Filter>
    </ClCompile>
    <ClCompile Include="Object\RefObject.cpp">
      <Filter>Source Files</Filter>
    </ClCompile>
    <ClCompile Include="OfficePlus\AccessPlus\AccessEvents.cpp">
      <Filter>Source Files</Filter>
    </ClCompile>
    <ClCompile Include="TangramListView.cpp">
      <Filter>Source Files</Filter>
    </ClCompile>
    <ClCompile Include="TangramTabCtrl.cpp">
      <Filter>Source Files</Filter>
    </ClCompile>
    <ClCompile Include="OfficePlus\AccessPlus\AccessAddin.cpp">
      <Filter>Source Files</Filter>
    </ClCompile>
    <ClCompile Include="OfficePlus\ExcelPlus\ExcelPlusWnd.cpp">
      <Filter>Source Files</Filter>
    </ClCompile>
    <ClCompile Include="OfficePlus\ExcelPlus\ExcelAddin.cpp">
      <Filter>Source Files</Filter>
    </ClCompile>
    <ClCompile Include="OfficePlus\OutlookPlus\OutLookAddin.cpp">
      <Filter>Source Files</Filter>
    </ClCompile>
    <ClCompile Include="OfficePlus\OutlookPlus\OutLookCustomizeFormDlg.cpp">
      <Filter>Source Files</Filter>
    </ClCompile>
    <ClCompile Include="OfficePlus\PowerpointPlus\PowerPointAddin.cpp">
      <Filter>Source Files</Filter>
    </ClCompile>
    <ClCompile Include="OfficePlus\ProjectPlus\ProjectAddin.cpp">
      <Filter>Source Files</Filter>
    </ClCompile>
    <ClCompile Include="OfficePlus\OfficeAddin.cpp">
      <Filter>Source Files</Filter>
    </ClCompile>
    <ClCompile Include="OfficePlus\VisioPlus\VisioAddin.cpp">
      <Filter>Source Files</Filter>
    </ClCompile>
    <ClCompile Include="OfficePlus\WordPlus\WordAddin.cpp">
      <Filter>Source Files</Filter>
    </ClCompile>
    <ClCompile Include="OfficePlus\WordPlus\WordPlusDoc.cpp">
      <Filter>Source Files</Filter>
    </ClCompile>
    <ClCompile Include="OfficePlus\WordPlus\WordPlusEvents.cpp">
      <Filter>Source Files</Filter>
    </ClCompile>
    <ClCompile Include="TangramApp.cpp">
      <Filter>Source Files</Filter>
    </ClCompile>
    <ClCompile Include="Compositor.cpp">
      <Filter>Source Files</Filter>
    </ClCompile>
    <ClCompile Include="TangramCore.cpp">
      <Filter>Source Files</Filter>
    </ClCompile>
    <ClCompile Include="WndNode.cpp">
      <Filter>Source Files</Filter>
    </ClCompile>
    <ClCompile Include="CompositorManager.cpp">
      <Filter>Source Files</Filter>
    </ClCompile>
    <ClCompile Include="SplitterWnd.cpp">
      <Filter>Source Files</Filter>
    </ClCompile>
    <ClCompile Include="CloudUtilities\TangramComponentInstaller.cpp">
      <Filter>Source Files</Filter>
    </ClCompile>
    <ClCompile Include="CloudUtilities\TangramDownLoad.cpp">
      <Filter>Source Files</Filter>
    </ClCompile>
    <ClCompile Include="CloudUtilities\XUnzip.cpp">
      <Filter>Source Files</Filter>
    </ClCompile>
    <ClCompile Include="CloudUtilities\XZip.cpp">
      <Filter>Source Files</Filter>
    </ClCompile>
    <ClCompile Include="NodeWnd.cpp">
      <Filter>Source Files</Filter>
    </ClCompile>
    <ClCompile Include="VisualStudioPlus\DTEEvents.cpp">
      <Filter>Source Files</Filter>
    </ClCompile>
    <ClCompile Include="VisualStudioPlus\VSAddin.cpp">
      <Filter>Source Files</Filter>
    </ClCompile>
    <ClCompile Include="WPFView.cpp">
      <Filter>Source Files</Filter>
    </ClCompile>
    <ClCompile Include="Object\RefObjectEvent.cpp">
      <Filter>Source Files</Filter>
    </ClCompile>
  </ItemGroup>
  <ItemGroup>
    <Midl Include="..\CommonFile\Tangram.idl">
      <Filter>Source Files</Filter>
    </Midl>
  </ItemGroup>
  <ItemGroup>
    <None Include="splith.cur">
      <Filter>Generated Files\Resource Files</Filter>
    </None>
    <None Include="splitv.cur">
      <Filter>Generated Files\Resource Files</Filter>
    </None>
    <None Include="Tangram.rgs">
      <Filter>Generated Files\Resource Files</Filter>
    </None>
    <None Include="TangramApp.rgs">
      <Filter>Generated Files\Resource Files</Filter>
    </None>
    <None Include="TangramCtrl.rgs">
      <Filter>Generated Files\Resource Files</Filter>
    </None>
    <None Include="CollaborationProxy.rgs">
      <Filter>Generated Files\Resource Files</Filter>
    </None>
    <None Include="LyncExtender.rgs">
      <Filter>Generated Files\Resource Files</Filter>
    </None>
    <None Include="Tangram.def">
      <Filter>Source Files</Filter>
    </None>
    <None Include="TangramBot.rgs">
      <Filter>Generated Files\Resource Files</Filter>
    </None>
    <None Include="TangramCore.tlb" />
    <None Include="TangramDoc.htm" />
  </ItemGroup>
  <ItemGroup>
    <ClInclude Include="CeXDib.h">
      <Filter>Header Files</Filter>
    </ClInclude>
    <ClInclude Include="Markup.h">
      <Filter>Header Files</Filter>
    </ClInclude>
    <ClInclude Include="PPDrawManager.h">
      <Filter>Header Files</Filter>
    </ClInclude>
    <ClInclude Include="PPTooltip.h">
      <Filter>Header Files</Filter>
    </ClInclude>
    <ClInclude Include="Resource.h">
      <Filter>Header Files</Filter>
    </ClInclude>
    <ClInclude Include="stdafx.h">
      <Filter>Header Files</Filter>
    </ClInclude>
    <ClInclude Include="TangramCtrl.h">
      <Filter>Header Files</Filter>
    </ClInclude>
    <ClInclude Include="TangramTreeNode.h">
      <Filter>Header Files</Filter>
    </ClInclude>
    <ClInclude Include="TangramTreeView.h">
      <Filter>Header Files</Filter>
    </ClInclude>
    <ClInclude Include="XHtmlDraw.h">
      <Filter>Header Files</Filter>
    </ClInclude>
    <ClInclude Include="XHtmlDrawLink.h">
      <Filter>Header Files</Filter>
    </ClInclude>
    <ClInclude Include="Boot\Application.h">
      <Filter>Header Files</Filter>
    </ClInclude>
    <ClInclude Include="Boot\CLRRuntimeDelegate.h">
      <Filter>Header Files</Filter>
    </ClInclude>
    <ClInclude Include="Boot\JVMRuntimeDelegate.h">
      <Filter>Header Files</Filter>
    </ClInclude>
    <ClInclude Include="Boot\RuntimeDelegate.h">
      <Filter>Header Files</Filter>
    </ClInclude>
    <ClInclude Include="Boot\WebRuntimeDelegate.h">
      <Filter>Header Files</Filter>
    </ClInclude>
    <ClInclude Include="chromium\HtmlWnd.h">
      <Filter>Header Files</Filter>
    </ClInclude>
    <ClInclude Include="chromium\BrowserWnd.h">
      <Filter>Header Files</Filter>
    </ClInclude>
    <ClInclude Include="IPC\Broker.h">
      <Filter>Header Files</Filter>
    </ClInclude>
    <ClInclude Include="IPC\EndPoint.h">
      <Filter>Header Files</Filter>
    </ClInclude>
    <ClInclude Include="DocTemplateDlg.h">
      <Filter>Header Files</Filter>
    </ClInclude>
    <ClInclude Include="eclipseCommon.h">
      <Filter>Header Files</Filter>
    </ClInclude>
    <ClInclude Include="eclipseConfig.h">
      <Filter>Header Files</Filter>
    </ClInclude>
    <ClInclude Include="eclipseJNI.h">
      <Filter>Header Files</Filter>
    </ClInclude>
    <ClInclude Include="eclipseOS.h">
      <Filter>Header Files</Filter>
    </ClInclude>
    <ClInclude Include="EclipsePlus\EclipseAddin.h">
      <Filter>Header Files</Filter>
    </ClInclude>
    <ClInclude Include="eclipseShm.h">
      <Filter>Header Files</Filter>
    </ClInclude>
    <ClInclude Include="eclipseunicode.h">
      <Filter>Header Files</Filter>
    </ClInclude>
    <ClInclude Include="eclipseUtil.h">
      <Filter>Header Files</Filter>
    </ClInclude>
    <ClInclude Include="Object\AbstractFactoryDelegate.h">
      <Filter>Header Files</Filter>
    </ClInclude>
    <ClInclude Include="Object\CLRFactoryDelegate.h">
      <Filter>Header Files</Filter>
    </ClInclude>
    <ClInclude Include="Object\CoreFactoryDelegate.h">
      <Filter>Header Files</Filter>
    </ClInclude>
    <ClInclude Include="Object\CoreObject.h">
      <Filter>Header Files</Filter>
    </ClInclude>
    <ClInclude Include="Object\RefCoreObject.h">
      <Filter>Header Files</Filter>
    </ClInclude>
    <ClInclude Include="Object\RefObject.h">
      <Filter>Header Files</Filter>
    </ClInclude>
    <ClInclude Include="Object\CoreObjectShadowHost.h">
      <Filter>Header Files</Filter>
    </ClInclude>
    <ClInclude Include="OfficePlus\AccessPlus\AccessEvents.h">
      <Filter>Header Files</Filter>
    </ClInclude>
    <ClInclude Include="OfficePlus\ProjectPlus\ProjectPlusEvents.h">
      <Filter>Header Files</Filter>
    </ClInclude>
    <ClInclude Include="Object\ObjectFactory.h">
      <Filter>Header Files</Filter>
    </ClInclude>
    <ClInclude Include="TangramListView.h">
      <Filter>Header Files</Filter>
    </ClInclude>
    <ClInclude Include="TangramTabCtrl.h">
      <Filter>Header Files</Filter>
    </ClInclude>
    <ClInclude Include="OfficePlus\AccessPlus\AccessAddin.h">
      <Filter>Header Files</Filter>
    </ClInclude>
    <ClInclude Include="OfficePlus\ExcelPlus\ExcelPlusEvents.h">
      <Filter>Header Files</Filter>
    </ClInclude>
    <ClInclude Include="OfficePlus\ExcelPlus\ExcelPlusWnd.h">
      <Filter>Header Files</Filter>
    </ClInclude>
    <ClInclude Include="OfficePlus\ExcelPlus\ExcelAddin.h">
      <Filter>Header Files</Filter>
    </ClInclude>
    <ClInclude Include="OfficePlus\OutlookPlus\OutLookPlusEvents.h">
      <Filter>Header Files</Filter>
    </ClInclude>
    <ClInclude Include="OfficePlus\OutlookPlus\OutLookAddin.h">
      <Filter>Header Files</Filter>
    </ClInclude>
    <ClInclude Include="OfficePlus\OutlookPlus\OutLookCustomizeFormDlg.h">
      <Filter>Header Files</Filter>
    </ClInclude>
    <ClInclude Include="OfficePlus\PowerpointPlus\PowerpointPlusEvents.h">
      <Filter>Header Files</Filter>
    </ClInclude>
    <ClInclude Include="OfficePlus\PowerpointPlus\PowerPointAddin.h">
      <Filter>Header Files</Filter>
    </ClInclude>
    <ClInclude Include="OfficePlus\ProjectPlus\ProjectAddin.h">
      <Filter>Header Files</Filter>
    </ClInclude>
    <ClInclude Include="OfficePlus\OfficeAddin.h">
      <Filter>Header Files</Filter>
    </ClInclude>
    <ClInclude Include="OfficePlus\WordPlus\WordPlusEvents.h">
      <Filter>Header Files</Filter>
    </ClInclude>
    <ClInclude Include="TangramApp.h">
      <Filter>Header Files</Filter>
    </ClInclude>
    <ClInclude Include="Compositor.h">
      <Filter>Header Files</Filter>
    </ClInclude>
    <ClInclude Include="TangramCore.h">
      <Filter>Header Files</Filter>
    </ClInclude>
    <ClInclude Include="WndNode.h">
      <Filter>Header Files</Filter>
    </ClInclude>
    <ClInclude Include="CompositorManager.h">
      <Filter>Header Files</Filter>
    </ClInclude>
    <ClInclude Include="SplitterWnd.h">
      <Filter>Header Files</Filter>
    </ClInclude>
    <ClInclude Include="CloudUtilities\TangramComponentInstaller.h">
      <Filter>Header Files</Filter>
    </ClInclude>
    <ClInclude Include="CloudUtilities\TangramDownLoad.h">
      <Filter>Header Files</Filter>
    </ClInclude>
    <ClInclude Include="CloudUtilities\XUnzip.h">
      <Filter>Header Files</Filter>
    </ClInclude>
    <ClInclude Include="CloudUtilities\XZip.h">
      <Filter>Header Files</Filter>
    </ClInclude>
    <ClInclude Include="NodeWnd.h">
      <Filter>Header Files</Filter>
    </ClInclude>
    <ClInclude Include="OfficePlus\VisioPlus\VisioAddin.h">
      <Filter>Header Files</Filter>
    </ClInclude>
    <ClInclude Include="VisualStudioPlus\DTEEvent.h">
      <Filter>Header Files</Filter>
    </ClInclude>
    <ClInclude Include="VisualStudioPlus\VSAddin.h">
      <Filter>Header Files</Filter>
    </ClInclude>
    <ClInclude Include="OfficePlus\WordPlus\WordAddin.h">
      <Filter>Header Files</Filter>
    </ClInclude>
    <ClInclude Include="OfficePlus\WordPlus\WordPlusDoc.h">
      <Filter>Header Files</Filter>
    </ClInclude>
    <ClInclude Include="WPFView.h">
      <Filter>Header Files</Filter>
    </ClInclude>
    <ClInclude Include="Object\RefObjectEvent.h">
      <Filter>Header Files</Filter>
    </ClInclude>
    <ClInclude Include="Object\RefObjectEventListener.h">
      <Filter>Header Files</Filter>
    </ClInclude>
  </ItemGroup>
  <ItemGroup>
    <Image Include="bitmap1.bmp">
      <Filter>Generated Files\Resource Files</Filter>
    </Image>
    <Image Include="bitmapMDI.bmp">
      <Filter>Generated Files\Resource Files</Filter>
    </Image>
    <Image Include="bitmap_g.bmp">
      <Filter>Generated Files\Resource Files</Filter>
    </Image>
    <Image Include="TangramDoc.bmp">
      <Filter>Generated Files\Resource Files</Filter>
    </Image>
  </ItemGroup>
  <ItemGroup>
    <ResourceCompile Include="Tangram.rc">
      <Filter>Generated Files\Resource Files</Filter>
    </ResourceCompile>
  </ItemGroup>
</Project>