<?xml version="1.0" encoding="utf-8"?>
<Project ToolsVersion="4.0" xmlns="http://schemas.microsoft.com/developer/msbuild/2003">
  <ItemGroup>
    <Filter Include="Source Files">
      <UniqueIdentifier>{4FC737F1-C7A5-4376-A066-2A32D752A2FF}</UniqueIdentifier>
      <Extensions>cpp;c;cc;cxx;def;odl;idl;hpj;bat;asm;asmx</Extensions>
    </Filter>
    <Filter Include="Header Files">
      <UniqueIdentifier>{93995380-89BD-4b04-88EB-625FBE52EBFB}</UniqueIdentifier>
      <Extensions>h;hpp;hxx;hm;inl;inc;xsd</Extensions>
    </Filter>
    <Filter Include="Resource Files">
      <UniqueIdentifier>{67DA6AB6-F800-4c08-8B7A-83BB121AAD01}</UniqueIdentifier>
      <Extensions>rc;ico;cur;bmp;dlg;rc2;rct;bin;rgs;gif;jpg;jpeg;jpe;resx;tiff;tif;png;wav</Extensions>
    </Filter>
    <Filter Include="Generated Files">
      <UniqueIdentifier>{b5376aa6-f447-4e77-9447-dc977c174436}</UniqueIdentifier>
      <SourceControlFiles>False</SourceControlFiles>
    </Filter>
  </ItemGroup>
  <ItemGroup>
    <ClCompile Include="AssemblyInfo.cpp">
      <Filter>Source Files</Filter>
    </ClCompile>
    <ClCompile Include="dllmain.cpp">
      <Filter>Source Files</Filter>
    </ClCompile>
    <ClCompile Include="stdafx.cpp">
      <Filter>Source Files</Filter>
    </ClCompile>
    <ClCompile Include="TangramClrProxy.cpp">
      <Filter>Source Files</Filter>
    </ClCompile>
    <ClCompile Include="TangramObj.cpp">
      <Filter>Source Files</Filter>
    </ClCompile>
    <ClCompile Include="TangramNodeCLREvent.cpp">
      <Filter>Source Files</Filter>
    </ClCompile>
    <ClCompile Include="TangramProxy.cpp">
      <Filter>Source Files</Filter>
    </ClCompile>
    <ClCompile Include="ErrorCtrl.cpp">
      <Filter>Source Files</Filter>
    </ClCompile>
    <ClCompile Include="ChromeWebBrowser.cpp">
      <Filter>Source Files</Filter>
    </ClCompile>
    <ClCompile Include="Markup.cpp">
      <Filter>Source Files</Filter>
    </ClCompile>
    <ClCompile Include="AcquireTemplateStorageInfoForm.cpp">
      <Filter>Source Files</Filter>
    </ClCompile>
    <ClCompile Include="DefaultNTPCtrl.cpp">
      <Filter>Source Files</Filter>
    </ClCompile>
    <ClCompile Include="TangramNewChildForm.cpp">
      <Filter>Source Files</Filter>
    </ClCompile>
    <ClCompile Include="Win32AppForm.cpp">
      <Filter>Source Files</Filter>
    </ClCompile>
  </ItemGroup>
  <ItemGroup>
    <ClInclude Include="dllmain.h">
      <Filter>Header Files</Filter>
    </ClInclude>
    <ClInclude Include="Resource.h">
      <Filter>Header Files</Filter>
    </ClInclude>
    <ClInclude Include="stdafx.h">
      <Filter>Header Files</Filter>
    </ClInclude>
    <ClInclude Include="TangramClrProxy.h">
      <Filter>Header Files</Filter>
    </ClInclude>
    <ClInclude Include="TangramObj.h">
      <Filter>Header Files</Filter>
    </ClInclude>
    <ClInclude Include="TangramNodeCLREvent.h">
      <Filter>Header Files</Filter>
    </ClInclude>
    <ClInclude Include="TangramProxy.h">
      <Filter>Header Files</Filter>
    </ClInclude>
    <ClInclude Include="TangramMDIForm.h">
      <Filter>Header Files</Filter>
    </ClInclude>
    <ClInclude Include="ErrorCtrl.h">
      <Filter>Header Files</Filter>
    </ClInclude>
    <ClInclude Include="BrowserWndOpenDisposition.h">
      <Filter>Header Files</Filter>
    </ClInclude>
    <ClInclude Include="ChromeWebBrowser.h">
      <Filter>Header Files</Filter>
    </ClInclude>
    <ClInclude Include="Markup.h">
      <Filter>Header Files</Filter>
    </ClInclude>
    <ClInclude Include="AcquireTemplateStorageInfoForm.h">
      <Filter>Header Files</Filter>
    </ClInclude>
    <ClInclude Include="AssemblyLocalor.h">
      <Filter>Header Files</Filter>
    </ClInclude>
    <ClInclude Include="DefaultNTPCtrl.h">
      <Filter>Header Files</Filter>
    </ClInclude>
    <ClInclude Include="TangramNewChildForm.h">
      <Filter>Header Files</Filter>
    </ClInclude>
    <ClInclude Include="Win32AppForm.h">
      <Filter>Header Files</Filter>
    </ClInclude>
  </ItemGroup>
  <ItemGroup>
    <ResourceCompile Include="TangramCLR.rc">
      <Filter>Resource Files</Filter>
    </ResourceCompile>
  </ItemGroup>
  <ItemGroup>
    <None Include="TangramCLR.snk" />
    <None Include="TangramCLR.rgs">
      <Filter>Resource Files</Filter>
    </None>
    <None Include="TangramCLR2COM.rgs">
      <Filter>Resource Files</Filter>
    </None>
    <None Include="packages.config" />
  </ItemGroup>
  <ItemGroup>
    <EmbeddedResource Include="CLRCtrlDesigner.resx">
      <Filter>Resource Files</Filter>
    </EmbeddedResource>
    <EmbeddedResource Include="AXCtrlDesigner.resx">
      <Filter>Resource Files</Filter>
    </EmbeddedResource>
    <EmbeddedResource Include="HostViewDesigner.resx">
      <Filter>Resource Files</Filter>
    </EmbeddedResource>
    <EmbeddedResource Include="SplitterDesigner.resx">
      <Filter>Resource Files</Filter>
    </EmbeddedResource>
    <EmbeddedResource Include="TabWndDesigner.resx">
      <Filter>Resource Files</Filter>
    </EmbeddedResource>
    <EmbeddedResource Include="TangramMDIForm.resx">
      <Filter>Resource Files</Filter>
    </EmbeddedResource>
    <EmbeddedResource Include="ErrorCtrl.resx">
      <Filter>Resource Files</Filter>
    </EmbeddedResource>
    <EmbeddedResource Include="AcquireTemplateStorageInfoForm.resx">
      <Filter>Resource Files</Filter>
    </EmbeddedResource>
    <EmbeddedResource Include="ConfigurationPage.resx">
      <Filter>Resource Files</Filter>
    </EmbeddedResource>
    <EmbeddedResource Include="DefaultNTPCtrl.resx">
      <Filter>Resource Files</Filter>
    </EmbeddedResource>
    <EmbeddedResource Include="TangramNewChildForm.resx">
      <Filter>Resource Files</Filter>
    </EmbeddedResource>
  </ItemGroup>
</Project>